
Microsoft Visual Studio Solution File, Format Version 12.00
Project("{FAE04EC0-301F-11D3-BF4B-00C04F79EFBC}") = "APR400-DesignPatternRefactor", "APR400-DesignPatternRefactor\APR400-DesignPatternRefactor.csproj", "{AB84324D-5362-4872-BC89-01D8943E68D9}"
EndProject
Global
	GlobalSection(SolutionConfigurationPlatforms) = preSolution
		Debug|Any CPU = Debug|Any CPU
		Release|Any CPU = Release|Any CPU
	EndGlobalSection
	GlobalSection(ProjectConfigurationPlatforms) = postSolution
		{AB84324D-5362-4872-BC89-01D8943E68D9}.Debug|Any CPU.ActiveCfg = Debug|Any CPU
		{AB84324D-5362-4872-BC89-01D8943E68D9}.Debug|Any CPU.Build.0 = Debug|Any CPU
		{AB84324D-5362-4872-BC89-01D8943E68D9}.Release|Any CPU.ActiveCfg = Release|Any CPU
		{AB84324D-5362-4872-BC89-01D8943E68D9}.Release|Any CPU.Build.0 = Release|Any CPU
	EndGlobalSection
EndGlobal
